// !$*UTF8*$!
{
	archiveVersion = 1;
	classes = {
	};
	objectVersion = 50;
	objects = {

/* Begin PBXBuildFile section */
		8805AF7726A563C7004A2731 /* AppDelegate.swift in Sources */ = {isa = PBXBuildFile; fileRef = 8805AF7626A563C7004A2731 /* AppDelegate.swift */; };
		8805AF7926A563C7004A2731 /* SceneDelegate.swift in Sources */ = {isa = PBXBuildFile; fileRef = 8805AF7826A563C7004A2731 /* SceneDelegate.swift */; };
		8805AF7B26A563C7004A2731 /* ListDetailVC.swift in Sources */ = {isa = PBXBuildFile; fileRef = 8805AF7A26A563C7004A2731 /* ListDetailVC.swift */; };
		8805AF7E26A563C7004A2731 /* Main.storyboard in Resources */ = {isa = PBXBuildFile; fileRef = 8805AF7C26A563C7004A2731 /* Main.storyboard */; };
		8805AF8126A563C7004A2731 /* ListOfStudentsApp.xcdatamodeld in Sources */ = {isa = PBXBuildFile; fileRef = 8805AF7F26A563C7004A2731 /* ListOfStudentsApp.xcdatamodeld */; };
		8805AF8326A563CA004A2731 /* Assets.xcassets in Resources */ = {isa = PBXBuildFile; fileRef = 8805AF8226A563CA004A2731 /* Assets.xcassets */; };
		8805AF8626A563CA004A2731 /* LaunchScreen.storyboard in Resources */ = {isa = PBXBuildFile; fileRef = 8805AF8426A563CA004A2731 /* LaunchScreen.storyboard */; };
		8805AF8E26A56827004A2731 /* ListCell.swift in Sources */ = {isa = PBXBuildFile; fileRef = 8805AF8D26A56827004A2731 /* ListCell.swift */; };
		8805AF9026A5684C004A2731 /* ListTableView.swift in Sources */ = {isa = PBXBuildFile; fileRef = 8805AF8F26A5684C004A2731 /* ListTableView.swift */; };
		8805AF9226A56B2F004A2731 /* List.swift in Sources */ = {isa = PBXBuildFile; fileRef = 8805AF9126A56B2F004A2731 /* List.swift */; };
/* End PBXBuildFile section */

/* Begin PBXFileReference section */
		8805AF7326A563C7004A2731 /* ListOfStudentsApp.app */ = {isa = PBXFileReference; explicitFileType = wrapper.application; includeInIndex = 0; path = ListOfStudentsApp.app; sourceTree = BUILT_PRODUCTS_DIR; };
		8805AF7626A563C7004A2731 /* AppDelegate.swift */ = {isa = PBXFileReference; lastKnownFileType = sourcecode.swift; path = AppDelegate.swift; sourceTree = "<group>"; };
		8805AF7826A563C7004A2731 /* SceneDelegate.swift */ = {isa = PBXFileReference; lastKnownFileType = sourcecode.swift; path = SceneDelegate.swift; sourceTree = "<group>"; };
		8805AF7A26A563C7004A2731 /* ListDetailVC.swift */ = {isa = PBXFileReference; lastKnownFileType = sourcecode.swift; path = ListDetailVC.swift; sourceTree = "<group>"; };
		8805AF7D26A563C7004A2731 /* Base */ = {isa = PBXFileReference; lastKnownFileType = file.storyboard; name = Base; path = Base.lproj/Main.storyboard; sourceTree = "<group>"; };
		8805AF8026A563C7004A2731 /* ListOfStudentsApp.xcdatamodel */ = {isa = PBXFileReference; lastKnownFileType = wrapper.xcdatamodel; path = ListOfStudentsApp.xcdatamodel; sourceTree = "<group>"; };
		8805AF8226A563CA004A2731 /* Assets.xcassets */ = {isa = PBXFileReference; lastKnownFileType = folder.assetcatalog; path = Assets.xcassets; sourceTree = "<group>"; };
		8805AF8526A563CA004A2731 /* Base */ = {isa = PBXFileReference; lastKnownFileType = file.storyboard; name = Base; path = Base.lproj/LaunchScreen.storyboard; sourceTree = "<group>"; };
		8805AF8726A563CA004A2731 /* Info.plist */ = {isa = PBXFileReference; lastKnownFileType = text.plist.xml; path = Info.plist; sourceTree = "<group>"; };
		8805AF8D26A56827004A2731 /* ListCell.swift */ = {isa = PBXFileReference; lastKnownFileType = sourcecode.swift; path = ListCell.swift; sourceTree = "<group>"; };
		8805AF8F26A5684C004A2731 /* ListTableView.swift */ = {isa = PBXFileReference; lastKnownFileType = sourcecode.swift; path = ListTableView.swift; sourceTree = "<group>"; };
		8805AF9126A56B2F004A2731 /* List.swift */ = {isa = PBXFileReference; lastKnownFileType = sourcecode.swift; path = List.swift; sourceTree = "<group>"; };
/* End PBXFileReference section */

/* Begin PBXFrameworksBuildPhase section */
		8805AF7026A563C7004A2731 /* Frameworks */ = {
			isa = PBXFrameworksBuildPhase;
			buildActionMask = 2147483647;
			files = (
			);
			runOnlyForDeploymentPostprocessing = 0;
		};
/* End PBXFrameworksBuildPhase section */

/* Begin PBXGroup section */
		8805AF6A26A563C7004A2731 = {
			isa = PBXGroup;
			children = (
				8805AF7526A563C7004A2731 /* ListOfStudentsApp */,
				8805AF7426A563C7004A2731 /* Products */,
			);
			sourceTree = "<group>";
		};
		8805AF7426A563C7004A2731 /* Products */ = {
			isa = PBXGroup;
			children = (
				8805AF7326A563C7004A2731 /* ListOfStudentsApp.app */,
			);
			name = Products;
			sourceTree = "<group>";
		};
		8805AF7526A563C7004A2731 /* ListOfStudentsApp */ = {
			isa = PBXGroup;
			children = (
				8805AF7626A563C7004A2731 /* AppDelegate.swift */,
				8805AF7826A563C7004A2731 /* SceneDelegate.swift */,
				8805AF7A26A563C7004A2731 /* ListDetailVC.swift */,
				8805AF7C26A563C7004A2731 /* Main.storyboard */,
				8805AF8D26A56827004A2731 /* ListCell.swift */,
				8805AF8F26A5684C004A2731 /* ListTableView.swift */,
				8805AF9126A56B2F004A2731 /* List.swift */,
				8805AF8226A563CA004A2731 /* Assets.xcassets */,
				8805AF8426A563CA004A2731 /* LaunchScreen.storyboard */,
				8805AF8726A563CA004A2731 /* Info.plist */,
				8805AF7F26A563C7004A2731 /* ListOfStudentsApp.xcdatamodeld */,
			);
			path = ListOfStudentsApp;
			sourceTree = "<group>";
		};
/* End PBXGroup section */

/* Begin PBXNativeTarget section */
		8805AF7226A563C7004A2731 /* ListOfStudentsApp */ = {
			isa = PBXNativeTarget;
			buildConfigurationList = 8805AF8A26A563CA004A2731 /* Build configuration list for PBXNativeTarget "ListOfStudentsApp" */;
			buildPhases = (
				8805AF6F26A563C7004A2731 /* Sources */,
				8805AF7026A563C7004A2731 /* Frameworks */,
				8805AF7126A563C7004A2731 /* Resources */,
			);
			buildRules = (
			);
			dependencies = (
			);
			name = ListOfStudentsApp;
			productName = ListOfStudentsApp;
			productReference = 8805AF7326A563C7004A2731 /* ListOfStudentsApp.app */;
			productType = "com.apple.product-type.application";
		};
/* End PBXNativeTarget section */

/* Begin PBXProject section */
		8805AF6B26A563C7004A2731 /* Project object */ = {
			isa = PBXProject;
			attributes = {
				LastSwiftUpdateCheck = 1250;
				LastUpgradeCheck = 1250;
				TargetAttributes = {
					8805AF7226A563C7004A2731 = {
						CreatedOnToolsVersion = 12.5.1;
					};
				};
			};
			buildConfigurationList = 8805AF6E26A563C7004A2731 /* Build configuration list for PBXProject "ListOfStudentsApp" */;
			compatibilityVersion = "Xcode 9.3";
			developmentRegion = en;
			hasScannedForEncodings = 0;
			knownRegions = (
				en,
				Base,
			);
			mainGroup = 8805AF6A26A563C7004A2731;
			productRefGroup = 8805AF7426A563C7004A2731 /* Products */;
			projectDirPath = "";
			projectRoot = "";
			targets = (
				8805AF7226A563C7004A2731 /* ListOfStudentsApp */,
			);
		};
/* End PBXProject section */

/* Begin PBXResourcesBuildPhase section */
		8805AF7126A563C7004A2731 /* Resources */ = {
			isa = PBXResourcesBuildPhase;
			buildActionMask = 2147483647;
			files = (
				8805AF8626A563CA004A2731 /* LaunchScreen.storyboard in Resources */,
				8805AF8326A563CA004A2731 /* Assets.xcassets in Resources */,
				8805AF7E26A563C7004A2731 /* Main.storyboard in Resources */,
			);
			runOnlyForDeploymentPostprocessing = 0;
		};
/* End PBXResourcesBuildPhase section */

/* Begin PBXSourcesBuildPhase section */
		8805AF6F26A563C7004A2731 /* Sources */ = {
			isa = PBXSourcesBuildPhase;
			buildActionMask = 2147483647;
			files = (
				8805AF7B26A563C7004A2731 /* ListDetailVC.swift in Sources */,
				8805AF9026A5684C004A2731 /* ListTableView.swift in Sources */,
				8805AF9226A56B2F004A2731 /* List.swift in Sources */,
				8805AF7726A563C7004A2731 /* AppDelegate.swift in Sources */,
				8805AF8126A563C7004A2731 /* ListOfStudentsApp.xcdatamodeld in Sources */,
				8805AF8E26A56827004A2731 /* ListCell.swift in Sources */,
				8805AF7926A563C7004A2731 /* SceneDelegate.swift in Sources */,
			);
			runOnlyForDeploymentPostprocessing = 0;
		};
/* End PBXSourcesBuildPhase section */

/* Begin PBXVariantGroup section */
		8805AF7C26A563C7004A2731 /* Main.storyboard */ = {
			isa = PBXVariantGroup;
			children = (
				8805AF7D26A563C7004A2731 /* Base */,
			);
			name = Main.storyboard;
			sourceTree = "<group>";
		};
		8805AF8426A563CA004A2731 /* LaunchScreen.storyboard */ = {
			isa = PBXVariantGroup;
			children = (
				8805AF8526A563CA004A2731 /* Base */,
			);
			name = LaunchScreen.storyboard;
			sourceTree = "<group>";
		};
/* End PBXVariantGroup section */

/* Begin XCBuildConfiguration section */
		8805AF8826A563CA004A2731 /* Debug */ = {
			isa = XCBuildConfiguration;
			buildSettings = {
				ALWAYS_SEARCH_USER_PATHS = NO;
				CLANG_ANALYZER_NONNULL = YES;
				CLANG_ANALYZER_NUMBER_OBJECT_CONVERSION = YES_AGGRESSIVE;
				CLANG_CXX_LANGUAGE_STANDARD = "gnu++14";
				CLANG_CXX_LIBRARY = "libc++";
				CLANG_ENABLE_MODULES = YES;
				CLANG_ENABLE_OBJC_ARC = YES;
				CLANG_ENABLE_OBJC_WEAK = YES;
				CLANG_WARN_BLOCK_CAPTURE_AUTORELEASING = YES;
				CLANG_WARN_BOOL_CONVERSION = YES;
				CLANG_WARN_COMMA = YES;
				CLANG_WARN_CONSTANT_CONVERSION = YES;
				CLANG_WARN_DEPRECATED_OBJC_IMPLEMENTATIONS = YES;
				CLANG_WARN_DIRECT_OBJC_ISA_USAGE = YES_ERROR;
				CLANG_WARN_DOCUMENTATION_COMMENTS = YES;
				CLANG_WARN_EMPTY_BODY = YES;
				CLANG_WARN_ENUM_CONVERSION = YES;
				CLANG_WARN_INFINITE_RECURSION = YES;
				CLANG_WARN_INT_CONVERSION = YES;
				CLANG_WARN_NON_LITERAL_NULL_CONVERSION = YES;
				CLANG_WARN_OBJC_IMPLICIT_RETAIN_SELF = YES;
				CLANG_WARN_OBJC_LITERAL_CONVERSION = YES;
				CLANG_WARN_OBJC_ROOT_CLASS = YES_ERROR;
				CLANG_WARN_QUOTED_INCLUDE_IN_FRAMEWORK_HEADER = YES;
				CLANG_WARN_RANGE_LOOP_ANALYSIS = YES;
				CLANG_WARN_STRICT_PROTOTYPES = YES;
				CLANG_WARN_SUSPICIOUS_MOVE = YES;
				CLANG_WARN_UNGUARDED_AVAILABILITY = YES_AGGRESSIVE;
				CLANG_WARN_UNREACHABLE_CODE = YES;
				CLANG_WARN__DUPLICATE_METHOD_MATCH = YES;
				COPY_PHASE_STRIP = NO;
				DEBUG_INFORMATION_FORMAT = dwarf;
				ENABLE_STRICT_OBJC_MSGSEND = YES;
				ENABLE_TESTABILITY = YES;
				GCC_C_LANGUAGE_STANDARD = gnu11;
				GCC_DYNAMIC_NO_PIC = NO;
				GCC_NO_COMMON_BLOCKS = YES;
				GCC_OPTIMIZATION_LEVEL = 0;
				GCC_PREPROCESSOR_DEFINITIONS = (
					"DEBUG=1",
					"$(inherited)",
				);
				GCC_WARN_64_TO_32_BIT_CONVERSION = YES;
				GCC_WARN_ABOUT_RETURN_TYPE = YES_ERROR;
				GCC_WARN_UNDECLARED_SELECTOR = YES;
				GCC_WARN_UNINITIALIZED_AUTOS = YES_AGGRESSIVE;
				GCC_WARN_UNUSED_FUNCTION = YES;
				GCC_WARN_UNUSED_VARIABLE = YES;
				IPHONEOS_DEPLOYMENT_TARGET = 14.5;
				MTL_ENABLE_DEBUG_INFO = INCLUDE_SOURCE;
				MTL_FAST_MATH = YES;
				ONLY_ACTIVE_ARCH = YES;
				SDKROOT = iphoneos;
				SWIFT_ACTIVE_COMPILATION_CONDITIONS = DEBUG;
				SWIFT_OPTIMIZATION_LEVEL = "-Onone";
			};
			name = Debug;
		};
		8805AF8926A563CA004A2731 /* Release */ = {
			isa = XCBuildConfiguration;
			buildSettings = {
				ALWAYS_SEARCH_USER_PATHS = NO;
				CLANG_ANALYZER_NONNULL = YES;
				CLANG_ANALYZER_NUMBER_OBJECT_CONVERSION = YES_AGGRESSIVE;
				CLANG_CXX_LANGUAGE_STANDARD = "gnu++14";
				CLANG_CXX_LIBRARY = "libc++";
				CLANG_ENABLE_MODULES = YES;
				CLANG_ENABLE_OBJC_ARC = YES;
				CLANG_ENABLE_OBJC_WEAK = YES;
				CLANG_WARN_BLOCK_CAPTURE_AUTORELEASING = YES;
				CLANG_WARN_BOOL_CONVERSION = YES;
				CLANG_WARN_COMMA = YES;
				CLANG_WARN_CONSTANT_CONVERSION = YES;
				CLANG_WARN_DEPRECATED_OBJC_IMPLEMENTATIONS = YES;
				CLANG_WARN_DIRECT_OBJC_ISA_USAGE = YES_ERROR;
				CLANG_WARN_DOCUMENTATION_COMMENTS = YES;
				CLANG_WARN_EMPTY_BODY = YES;
				CLANG_WARN_ENUM_CONVERSION = YES;
				CLANG_WARN_INFINITE_RECURSION = YES;
				CLANG_WARN_INT_CONVERSION = YES;
				CLANG_WARN_NON_LITERAL_NULL_CONVERSION = YES;
				CLANG_WARN_OBJC_IMPLICIT_RETAIN_SELF = YES;
				CLANG_WARN_OBJC_LITERAL_CONVERSION = YES;
				CLANG_WARN_OBJC_ROOT_CLASS = YES_ERROR;
				CLANG_WARN_QUOTED_INCLUDE_IN_FRAMEWORK_HEADER = YES;
				CLANG_WARN_RANGE_LOOP_ANALYSIS = YES;
				CLANG_WARN_STRICT_PROTOTYPES = YES;
				CLANG_WARN_SUSPICIOUS_MOVE = YES;
				CLANG_WARN_UNGUARDED_AVAILABILITY = YES_AGGRESSIVE;
				CLANG_WARN_UNREACHABLE_CODE = YES;
				CLANG_WARN__DUPLICATE_METHOD_MATCH = YES;
				COPY_PHASE_STRIP = NO;
				DEBUG_INFORMATION_FORMAT = "dwarf-with-dsym";
				ENABLE_NS_ASSERTIONS = NO;
				ENABLE_STRICT_OBJC_MSGSEND = YES;
				GCC_C_LANGUAGE_STANDARD = gnu11;
				GCC_NO_COMMON_BLOCKS = YES;
				GCC_WARN_64_TO_32_BIT_CONVERSION = YES;
				GCC_WARN_ABOUT_RETURN_TYPE = YES_ERROR;
				GCC_WARN_UNDECLARED_SELECTOR = YES;
				GCC_WARN_UNINITIALIZED_AUTOS = YES_AGGRESSIVE;
				GCC_WARN_UNUSED_FUNCTION = YES;
				GCC_WARN_UNUSED_VARIABLE = YES;
				IPHONEOS_DEPLOYMENT_TARGET = 14.5;
				MTL_ENABLE_DEBUG_INFO = NO;
				MTL_FAST_MATH = YES;
				SDKROOT = iphoneos;
				SWIFT_COMPILATION_MODE = wholemodule;
				SWIFT_OPTIMIZATION_LEVEL = "-O";
				VALIDATE_PRODUCT = YES;
			};
			name = Release;
		};
		8805AF8B26A563CA004A2731 /* Debug */ = {
			isa = XCBuildConfiguration;
			buildSettings = {
				ASSETCATALOG_COMPILER_APPICON_NAME = AppIcon;
				ASSETCATALOG_COMPILER_GLOBAL_ACCENT_COLOR_NAME = AccentColor;
				CODE_SIGN_STYLE = Automatic;
				INFOPLIST_FILE = ListOfStudentsApp/Info.plist;
				LD_RUNPATH_SEARCH_PATHS = (
					"$(inherited)",
					"@executable_path/Frameworks",
				);
				PRODUCT_BUNDLE_IDENTIFIER = com.myApp.ListOfStudentsApp;
				PRODUCT_NAME = "$(TARGET_NAME)";
				SWIFT_VERSION = 5.0;
				TARGETED_DEVICE_FAMILY = "1,2";
			};
			name = Debug;
		};
		8805AF8C26A563CA004A2731 /* Release */ = {
			isa = XCBuildConfiguration;
			buildSettings = {
				ASSETCATALOG_COMPILER_APPICON_NAME = AppIcon;
				ASSETCATALOG_COMPILER_GLOBAL_ACCENT_COLOR_NAME = AccentColor;
				CODE_SIGN_STYLE = Automatic;
				INFOPLIST_FILE = ListOfStudentsApp/Info.plist;
				LD_RUNPATH_SEARCH_PATHS = (
					"$(inherited)",
					"@executable_path/Frameworks",
				);
				PRODUCT_BUNDLE_IDENTIFIER = com.myApp.ListOfStudentsApp;
				PRODUCT_NAME = "$(TARGET_NAME)";
				SWIFT_VERSION = 5.0;
				TARGETED_DEVICE_FAMILY = "1,2";
			};
			name = Release;
		};
/* End XCBuildConfiguration section */

/* Begin XCConfigurationList section */
		8805AF6E26A563C7004A2731 /* Build configuration list for PBXProject "ListOfStudentsApp" */ = {
			isa = XCConfigurationList;
			buildConfigurations = (
				8805AF8826A563CA004A2731 /* Debug */,
				8805AF8926A563CA004A2731 /* Release */,
			);
			defaultConfigurationIsVisible = 0;
			defaultConfigurationName = Release;
		};
		8805AF8A26A563CA004A2731 /* Build configuration list for PBXNativeTarget "ListOfStudentsApp" */ = {
			isa = XCConfigurationList;
			buildConfigurations = (
				8805AF8B26A563CA004A2731 /* Debug */,
				8805AF8C26A563CA004A2731 /* Release */,
			);
			defaultConfigurationIsVisible = 0;
			defaultConfigurationName = Release;
		};
/* End XCConfigurationList section */

/* Begin XCVersionGroup section */
		8805AF7F26A563C7004A2731 /* ListOfStudentsApp.xcdatamodeld */ = {
			isa = XCVersionGroup;
			children = (
				8805AF8026A563C7004A2731 /* ListOfStudentsApp.xcdatamodel */,
			);
			currentVersion = 8805AF8026A563C7004A2731 /* ListOfStudentsApp.xcdatamodel */;
			path = ListOfStudentsApp.xcdatamodeld;
			sourceTree = "<group>";
			versionGroupType = wrapper.xcdatamodel;
		};
/* End XCVersionGroup section */
	};
	rootObject = 8805AF6B26A563C7004A2731 /* Project object */;
}
